
Microsoft Visual Studio Solution File, Format Version 12.00
# Visual Studio 14
VisualStudioVersion = 14.0.25420.1
MinimumVisualStudioVersion = 10.0.40219.1
Project("{8BC9CEB8-8B4A-11D0-8D11-00A0C91BC942}") = "RefUnwrapping", "RefUnwrapping\RefUnwrapping.vcxproj", "{EFDD4AF2-8AC5-472D-912E-31336D6AE894}"
EndProject
Global
	GlobalSection(SolutionConfigurationPlatforms) = preSolution
		Debug|Win32 = Debug|Win32
		Debug|x64 = Debug|x64
		Debug|x86 = Debug|x86
		MinSizeRel|Win32 = MinSizeRel|Win32
		MinSizeRel|x64 = MinSizeRel|x64
		MinSizeRel|x86 = MinSizeRel|x86
		Release|Win32 = Release|Win32
		Release|x64 = Release|x64
		Release|x86 = Release|x86
		RelWithDebInfo|Win32 = RelWithDebInfo|Win32
		RelWithDebInfo|x64 = RelWithDebInfo|x64
		RelWithDebInfo|x86 = RelWithDebInfo|x86
		Template|Win32 = Template|Win32
		Template|x64 = Template|x64
		Template|x86 = Template|x86
	EndGlobalSection
	GlobalSection(ProjectConfigurationPlatforms) = postSolution
		{EFDD4AF2-8AC5-472D-912E-31336D6AE894}.Debug|Win32.ActiveCfg = Debug|Win32
		{EFDD4AF2-8AC5-472D-912E-31336D6AE894}.Debug|x64.ActiveCfg = Debug|x64
		{EFDD4AF2-8AC5-472D-912E-31336D6AE894}.Debug|x64.Build.0 = Debug|x64
		{EFDD4AF2-8AC5-472D-912E-31336D6AE894}.Debug|x86.ActiveCfg = Debug|Win32
		{EFDD4AF2-8AC5-472D-912E-31336D6AE894}.Debug|x86.Build.0 = Debug|Win32
		{EFDD4AF2-8AC5-472D-912E-31336D6AE894}.MinSizeRel|Win32.ActiveCfg = Release|Win32
		{EFDD4AF2-8AC5-472D-912E-31336D6AE894}.MinSizeRel|x64.ActiveCfg = Release|x64
		{EFDD4AF2-8AC5-472D-912E-31336D6AE894}.MinSizeRel|x86.ActiveCfg = Release|Win32
		{EFDD4AF2-8AC5-472D-912E-31336D6AE894}.Release|Win32.ActiveCfg = Release|Win32
		{EFDD4AF2-8AC5-472D-912E-31336D6AE894}.Release|x64.ActiveCfg = Release|x64
		{EFDD4AF2-8AC5-472D-912E-31336D6AE894}.Release|x64.Build.0 = Release|x64
		{EFDD4AF2-8AC5-472D-912E-31336D6AE894}.Release|x86.ActiveCfg = Release|Win32
		{EFDD4AF2-8AC5-472D-912E-31336D6AE894}.Release|x86.Build.0 = Release|Win32
		{EFDD4AF2-8AC5-472D-912E-31336D6AE894}.RelWithDebInfo|Win32.ActiveCfg = Release|Win32
		{EFDD4AF2-8AC5-472D-912E-31336D6AE894}.RelWithDebInfo|x64.ActiveCfg = Release|x64
		{EFDD4AF2-8AC5-472D-912E-31336D6AE894}.RelWithDebInfo|x86.ActiveCfg = Release|Win32
		{EFDD4AF2-8AC5-472D-912E-31336D6AE894}.Template|Win32.ActiveCfg = Release|Win32
		{EFDD4AF2-8AC5-472D-912E-31336D6AE894}.Template|x64.ActiveCfg = Release|x64
		{EFDD4AF2-8AC5-472D-912E-31336D6AE894}.Template|x86.ActiveCfg = Release|Win32
	EndGlobalSection
	GlobalSection(SolutionProperties) = preSolution
		HideSolutionNode = FALSE
	EndGlobalSection
EndGlobal
